// !$*UTF8*$!
{
	archiveVersion = 1;
	classes = {
	};
	objectVersion = 56;
	objects = {

/* Begin PBXBuildFile section */
		9008861928E7B9050079AC28 /* FructusApp.swift in Sources */ = {isa = PBXBuildFile; fileRef = 9008861828E7B9050079AC28 /* FructusApp.swift */; };
		9008861B28E7B9050079AC28 /* ContentView.swift in Sources */ = {isa = PBXBuildFile; fileRef = 9008861A28E7B9050079AC28 /* ContentView.swift */; };
		9008861D28E7B9060079AC28 /* Assets.xcassets in Resources */ = {isa = PBXBuildFile; fileRef = 9008861C28E7B9060079AC28 /* Assets.xcassets */; };
		9008862128E7B9060079AC28 /* Preview Assets.xcassets in Resources */ = {isa = PBXBuildFile; fileRef = 9008862028E7B9060079AC28 /* Preview Assets.xcassets */; };
		9008862B28E7B9060079AC28 /* FructusTests.swift in Sources */ = {isa = PBXBuildFile; fileRef = 9008862A28E7B9060079AC28 /* FructusTests.swift */; };
		9008863528E7B9060079AC28 /* FructusUITests.swift in Sources */ = {isa = PBXBuildFile; fileRef = 9008863428E7B9060079AC28 /* FructusUITests.swift */; };
		9008863728E7B9060079AC28 /* FructusUITestsLaunchTests.swift in Sources */ = {isa = PBXBuildFile; fileRef = 9008863628E7B9060079AC28 /* FructusUITestsLaunchTests.swift */; };
		9008864628E7BF5D0079AC28 /* FruitCardView.swift in Sources */ = {isa = PBXBuildFile; fileRef = 9008864528E7BF5D0079AC28 /* FruitCardView.swift */; };
		9008864828E7C3B40079AC28 /* StartButtonView.swift in Sources */ = {isa = PBXBuildFile; fileRef = 9008864728E7C3B40079AC28 /* StartButtonView.swift */; };
		9008864A28E7C8450079AC28 /* OnboardingView.swift in Sources */ = {isa = PBXBuildFile; fileRef = 9008864928E7C8450079AC28 /* OnboardingView.swift */; };
		9008864D28E7D1D10079AC28 /* FruitModel.swift in Sources */ = {isa = PBXBuildFile; fileRef = 9008864C28E7D1D10079AC28 /* FruitModel.swift */; };
		9008864F28E7D26B0079AC28 /* FruitData.swift in Sources */ = {isa = PBXBuildFile; fileRef = 9008864E28E7D26B0079AC28 /* FruitData.swift */; };
/* End PBXBuildFile section */

/* Begin PBXContainerItemProxy section */
		9008862728E7B9060079AC28 /* PBXContainerItemProxy */ = {
			isa = PBXContainerItemProxy;
			containerPortal = 9008860D28E7B9050079AC28 /* Project object */;
			proxyType = 1;
			remoteGlobalIDString = 9008861428E7B9050079AC28;
			remoteInfo = Fructus;
		};
		9008863128E7B9060079AC28 /* PBXContainerItemProxy */ = {
			isa = PBXContainerItemProxy;
			containerPortal = 9008860D28E7B9050079AC28 /* Project object */;
			proxyType = 1;
			remoteGlobalIDString = 9008861428E7B9050079AC28;
			remoteInfo = Fructus;
		};
/* End PBXContainerItemProxy section */

/* Begin PBXFileReference section */
		9008861528E7B9050079AC28 /* Fructus.app */ = {isa = PBXFileReference; explicitFileType = wrapper.application; includeInIndex = 0; path = Fructus.app; sourceTree = BUILT_PRODUCTS_DIR; };
		9008861828E7B9050079AC28 /* FructusApp.swift */ = {isa = PBXFileReference; lastKnownFileType = sourcecode.swift; path = FructusApp.swift; sourceTree = "<group>"; };
		9008861A28E7B9050079AC28 /* ContentView.swift */ = {isa = PBXFileReference; lastKnownFileType = sourcecode.swift; path = ContentView.swift; sourceTree = "<group>"; };
		9008861C28E7B9060079AC28 /* Assets.xcassets */ = {isa = PBXFileReference; lastKnownFileType = folder.assetcatalog; path = Assets.xcassets; sourceTree = "<group>"; };
		9008861E28E7B9060079AC28 /* Fructus.entitlements */ = {isa = PBXFileReference; lastKnownFileType = text.plist.entitlements; path = Fructus.entitlements; sourceTree = "<group>"; };
		9008862028E7B9060079AC28 /* Preview Assets.xcassets */ = {isa = PBXFileReference; lastKnownFileType = folder.assetcatalog; path = "Preview Assets.xcassets"; sourceTree = "<group>"; };
		9008862628E7B9060079AC28 /* FructusTests.xctest */ = {isa = PBXFileReference; explicitFileType = wrapper.cfbundle; includeInIndex = 0; path = FructusTests.xctest; sourceTree = BUILT_PRODUCTS_DIR; };
		9008862A28E7B9060079AC28 /* FructusTests.swift */ = {isa = PBXFileReference; lastKnownFileType = sourcecode.swift; path = FructusTests.swift; sourceTree = "<group>"; };
		9008863028E7B9060079AC28 /* FructusUITests.xctest */ = {isa = PBXFileReference; explicitFileType = wrapper.cfbundle; includeInIndex = 0; path = FructusUITests.xctest; sourceTree = BUILT_PRODUCTS_DIR; };
		9008863428E7B9060079AC28 /* FructusUITests.swift */ = {isa = PBXFileReference; lastKnownFileType = sourcecode.swift; path = FructusUITests.swift; sourceTree = "<group>"; };
		9008863628E7B9060079AC28 /* FructusUITestsLaunchTests.swift */ = {isa = PBXFileReference; lastKnownFileType = sourcecode.swift; path = FructusUITestsLaunchTests.swift; sourceTree = "<group>"; };
		9008864528E7BF5D0079AC28 /* FruitCardView.swift */ = {isa = PBXFileReference; lastKnownFileType = sourcecode.swift; path = FruitCardView.swift; sourceTree = "<group>"; };
		9008864728E7C3B40079AC28 /* StartButtonView.swift */ = {isa = PBXFileReference; lastKnownFileType = sourcecode.swift; path = StartButtonView.swift; sourceTree = "<group>"; };
		9008864928E7C8450079AC28 /* OnboardingView.swift */ = {isa = PBXFileReference; lastKnownFileType = sourcecode.swift; path = OnboardingView.swift; sourceTree = "<group>"; };
		9008864C28E7D1D10079AC28 /* FruitModel.swift */ = {isa = PBXFileReference; lastKnownFileType = sourcecode.swift; path = FruitModel.swift; sourceTree = "<group>"; };
		9008864E28E7D26B0079AC28 /* FruitData.swift */ = {isa = PBXFileReference; lastKnownFileType = sourcecode.swift; path = FruitData.swift; sourceTree = "<group>"; };
/* End PBXFileReference section */

/* Begin PBXFrameworksBuildPhase section */
		9008861228E7B9050079AC28 /* Frameworks */ = {
			isa = PBXFrameworksBuildPhase;
			buildActionMask = 2147483647;
			files = (
			);
			runOnlyForDeploymentPostprocessing = 0;
		};
		9008862328E7B9060079AC28 /* Frameworks */ = {
			isa = PBXFrameworksBuildPhase;
			buildActionMask = 2147483647;
			files = (
			);
			runOnlyForDeploymentPostprocessing = 0;
		};
		9008862D28E7B9060079AC28 /* Frameworks */ = {
			isa = PBXFrameworksBuildPhase;
			buildActionMask = 2147483647;
			files = (
			);
			runOnlyForDeploymentPostprocessing = 0;
		};
/* End PBXFrameworksBuildPhase section */

/* Begin PBXGroup section */
		9008860C28E7B9050079AC28 = {
			isa = PBXGroup;
			children = (
				9008861728E7B9050079AC28 /* Fructus */,
				9008862928E7B9060079AC28 /* FructusTests */,
				9008863328E7B9060079AC28 /* FructusUITests */,
				9008861628E7B9050079AC28 /* Products */,
			);
			sourceTree = "<group>";
		};
		9008861628E7B9050079AC28 /* Products */ = {
			isa = PBXGroup;
			children = (
				9008861528E7B9050079AC28 /* Fructus.app */,
				9008862628E7B9060079AC28 /* FructusTests.xctest */,
				9008863028E7B9060079AC28 /* FructusUITests.xctest */,
			);
			name = Products;
			sourceTree = "<group>";
		};
		9008861728E7B9050079AC28 /* Fructus */ = {
			isa = PBXGroup;
			children = (
				9008864B28E7D1BC0079AC28 /* Model */,
				9008864428E7BF290079AC28 /* View */,
				9008864328E7BECE0079AC28 /* App */,
				9008861C28E7B9060079AC28 /* Assets.xcassets */,
				9008861E28E7B9060079AC28 /* Fructus.entitlements */,
				9008861F28E7B9060079AC28 /* Preview Content */,
				9008864E28E7D26B0079AC28 /* FruitData.swift */,
			);
			path = Fructus;
			sourceTree = "<group>";
		};
		9008861F28E7B9060079AC28 /* Preview Content */ = {
			isa = PBXGroup;
			children = (
				9008862028E7B9060079AC28 /* Preview Assets.xcassets */,
			);
			path = "Preview Content";
			sourceTree = "<group>";
		};
		9008862928E7B9060079AC28 /* FructusTests */ = {
			isa = PBXGroup;
			children = (
				9008862A28E7B9060079AC28 /* FructusTests.swift */,
			);
			path = FructusTests;
			sourceTree = "<group>";
		};
		9008863328E7B9060079AC28 /* FructusUITests */ = {
			isa = PBXGroup;
			children = (
				9008863428E7B9060079AC28 /* FructusUITests.swift */,
				9008863628E7B9060079AC28 /* FructusUITestsLaunchTests.swift */,
			);
			path = FructusUITests;
			sourceTree = "<group>";
		};
		9008864328E7BECE0079AC28 /* App */ = {
			isa = PBXGroup;
			children = (
				9008861828E7B9050079AC28 /* FructusApp.swift */,
				9008861A28E7B9050079AC28 /* ContentView.swift */,
				9008864928E7C8450079AC28 /* OnboardingView.swift */,
			);
			path = App;
			sourceTree = "<group>";
		};
		9008864428E7BF290079AC28 /* View */ = {
			isa = PBXGroup;
			children = (
				9008864528E7BF5D0079AC28 /* FruitCardView.swift */,
				9008864728E7C3B40079AC28 /* StartButtonView.swift */,
			);
			path = View;
			sourceTree = "<group>";
		};
		9008864B28E7D1BC0079AC28 /* Model */ = {
			isa = PBXGroup;
			children = (
				9008864C28E7D1D10079AC28 /* FruitModel.swift */,
			);
			path = Model;
			sourceTree = "<group>";
		};
/* End PBXGroup section */

/* Begin PBXNativeTarget section */
		9008861428E7B9050079AC28 /* Fructus */ = {
			isa = PBXNativeTarget;
			buildConfigurationList = 9008863A28E7B9060079AC28 /* Build configuration list for PBXNativeTarget "Fructus" */;
			buildPhases = (
				9008861128E7B9050079AC28 /* Sources */,
				9008861228E7B9050079AC28 /* Frameworks */,
				9008861328E7B9050079AC28 /* Resources */,
			);
			buildRules = (
			);
			dependencies = (
			);
			name = Fructus;
			productName = Fructus;
			productReference = 9008861528E7B9050079AC28 /* Fructus.app */;
			productType = "com.apple.product-type.application";
		};
		9008862528E7B9060079AC28 /* FructusTests */ = {
			isa = PBXNativeTarget;
			buildConfigurationList = 9008863D28E7B9060079AC28 /* Build configuration list for PBXNativeTarget "FructusTests" */;
			buildPhases = (
				9008862228E7B9060079AC28 /* Sources */,
				9008862328E7B9060079AC28 /* Frameworks */,
				9008862428E7B9060079AC28 /* Resources */,
			);
			buildRules = (
			);
			dependencies = (
				9008862828E7B9060079AC28 /* PBXTargetDependency */,
			);
			name = FructusTests;
			productName = FructusTests;
			productReference = 9008862628E7B9060079AC28 /* FructusTests.xctest */;
			productType = "com.apple.product-type.bundle.unit-test";
		};
		9008862F28E7B9060079AC28 /* FructusUITests */ = {
			isa = PBXNativeTarget;
			buildConfigurationList = 9008864028E7B9060079AC28 /* Build configuration list for PBXNativeTarget "FructusUITests" */;
			buildPhases = (
				9008862C28E7B9060079AC28 /* Sources */,
				9008862D28E7B9060079AC28 /* Frameworks */,
				9008862E28E7B9060079AC28 /* Resources */,
			);
			buildRules = (
			);
			dependencies = (
				9008863228E7B9060079AC28 /* PBXTargetDependency */,
			);
			name = FructusUITests;
			productName = FructusUITests;
			productReference = 9008863028E7B9060079AC28 /* FructusUITests.xctest */;
			productType = "com.apple.product-type.bundle.ui-testing";
		};
/* End PBXNativeTarget section */

/* Begin PBXProject section */
		9008860D28E7B9050079AC28 /* Project object */ = {
			isa = PBXProject;
			attributes = {
				BuildIndependentTargetsInParallel = 1;
				LastSwiftUpdateCheck = 1400;
				LastUpgradeCheck = 1400;
				TargetAttributes = {
					9008861428E7B9050079AC28 = {
						CreatedOnToolsVersion = 14.0.1;
					};
					9008862528E7B9060079AC28 = {
						CreatedOnToolsVersion = 14.0.1;
						TestTargetID = 9008861428E7B9050079AC28;
					};
					9008862F28E7B9060079AC28 = {
						CreatedOnToolsVersion = 14.0.1;
						TestTargetID = 9008861428E7B9050079AC28;
					};
				};
			};
			buildConfigurationList = 9008861028E7B9050079AC28 /* Build configuration list for PBXProject "Fructus" */;
			compatibilityVersion = "Xcode 14.0";
			developmentRegion = en;
			hasScannedForEncodings = 0;
			knownRegions = (
				en,
				Base,
			);
			mainGroup = 9008860C28E7B9050079AC28;
			productRefGroup = 9008861628E7B9050079AC28 /* Products */;
			projectDirPath = "";
			projectRoot = "";
			targets = (
				9008861428E7B9050079AC28 /* Fructus */,
				9008862528E7B9060079AC28 /* FructusTests */,
				9008862F28E7B9060079AC28 /* FructusUITests */,
			);
		};
/* End PBXProject section */

/* Begin PBXResourcesBuildPhase section */
		9008861328E7B9050079AC28 /* Resources */ = {
			isa = PBXResourcesBuildPhase;
			buildActionMask = 2147483647;
			files = (
				9008862128E7B9060079AC28 /* Preview Assets.xcassets in Resources */,
				9008861D28E7B9060079AC28 /* Assets.xcassets in Resources */,
			);
			runOnlyForDeploymentPostprocessing = 0;
		};
		9008862428E7B9060079AC28 /* Resources */ = {
			isa = PBXResourcesBuildPhase;
			buildActionMask = 2147483647;
			files = (
			);
			runOnlyForDeploymentPostprocessing = 0;
		};
		9008862E28E7B9060079AC28 /* Resources */ = {
			isa = PBXResourcesBuildPhase;
			buildActionMask = 2147483647;
			files = (
			);
			runOnlyForDeploymentPostprocessing = 0;
		};
/* End PBXResourcesBuildPhase section */

/* Begin PBXSourcesBuildPhase section */
		9008861128E7B9050079AC28 /* Sources */ = {
			isa = PBXSourcesBuildPhase;
			buildActionMask = 2147483647;
			files = (
				9008864F28E7D26B0079AC28 /* FruitData.swift in Sources */,
				9008864628E7BF5D0079AC28 /* FruitCardView.swift in Sources */,
				9008861B28E7B9050079AC28 /* ContentView.swift in Sources */,
				9008864828E7C3B40079AC28 /* StartButtonView.swift in Sources */,
				9008864A28E7C8450079AC28 /* OnboardingView.swift in Sources */,
				9008864D28E7D1D10079AC28 /* FruitModel.swift in Sources */,
				9008861928E7B9050079AC28 /* FructusApp.swift in Sources */,
			);
			runOnlyForDeploymentPostprocessing = 0;
		};
		9008862228E7B9060079AC28 /* Sources */ = {
			isa = PBXSourcesBuildPhase;
			buildActionMask = 2147483647;
			files = (
				9008862B28E7B9060079AC28 /* FructusTests.swift in Sources */,
			);
			runOnlyForDeploymentPostprocessing = 0;
		};
		9008862C28E7B9060079AC28 /* Sources */ = {
			isa = PBXSourcesBuildPhase;
			buildActionMask = 2147483647;
			files = (
				9008863528E7B9060079AC28 /* FructusUITests.swift in Sources */,
				9008863728E7B9060079AC28 /* FructusUITestsLaunchTests.swift in Sources */,
			);
			runOnlyForDeploymentPostprocessing = 0;
		};
/* End PBXSourcesBuildPhase section */

/* Begin PBXTargetDependency section */
		9008862828E7B9060079AC28 /* PBXTargetDependency */ = {
			isa = PBXTargetDependency;
			target = 9008861428E7B9050079AC28 /* Fructus */;
			targetProxy = 9008862728E7B9060079AC28 /* PBXContainerItemProxy */;
		};
		9008863228E7B9060079AC28 /* PBXTargetDependency */ = {
			isa = PBXTargetDependency;
			target = 9008861428E7B9050079AC28 /* Fructus */;
			targetProxy = 9008863128E7B9060079AC28 /* PBXContainerItemProxy */;
		};
/* End PBXTargetDependency section */

/* Begin XCBuildConfiguration section */
		9008863828E7B9060079AC28 /* Debug */ = {
			isa = XCBuildConfiguration;
			buildSettings = {
				ALWAYS_SEARCH_USER_PATHS = NO;
				CLANG_ANALYZER_NONNULL = YES;
				CLANG_ANALYZER_NUMBER_OBJECT_CONVERSION = YES_AGGRESSIVE;
				CLANG_CXX_LANGUAGE_STANDARD = "gnu++20";
				CLANG_ENABLE_MODULES = YES;
				CLANG_ENABLE_OBJC_ARC = YES;
				CLANG_ENABLE_OBJC_WEAK = YES;
				CLANG_WARN_BLOCK_CAPTURE_AUTORELEASING = YES;
				CLANG_WARN_BOOL_CONVERSION = YES;
				CLANG_WARN_COMMA = YES;
				CLANG_WARN_CONSTANT_CONVERSION = YES;
				CLANG_WARN_DEPRECATED_OBJC_IMPLEMENTATIONS = YES;
				CLANG_WARN_DIRECT_OBJC_ISA_USAGE = YES_ERROR;
				CLANG_WARN_DOCUMENTATION_COMMENTS = YES;
				CLANG_WARN_EMPTY_BODY = YES;
				CLANG_WARN_ENUM_CONVERSION = YES;
				CLANG_WARN_INFINITE_RECURSION = YES;
				CLANG_WARN_INT_CONVERSION = YES;
				CLANG_WARN_NON_LITERAL_NULL_CONVERSION = YES;
				CLANG_WARN_OBJC_IMPLICIT_RETAIN_SELF = YES;
				CLANG_WARN_OBJC_LITERAL_CONVERSION = YES;
				CLANG_WARN_OBJC_ROOT_CLASS = YES_ERROR;
				CLANG_WARN_QUOTED_INCLUDE_IN_FRAMEWORK_HEADER = YES;
				CLANG_WARN_RANGE_LOOP_ANALYSIS = YES;
				CLANG_WARN_STRICT_PROTOTYPES = YES;
				CLANG_WARN_SUSPICIOUS_MOVE = YES;
				CLANG_WARN_UNGUARDED_AVAILABILITY = YES_AGGRESSIVE;
				CLANG_WARN_UNREACHABLE_CODE = YES;
				CLANG_WARN__DUPLICATE_METHOD_MATCH = YES;
				COPY_PHASE_STRIP = NO;
				DEBUG_INFORMATION_FORMAT = dwarf;
				ENABLE_STRICT_OBJC_MSGSEND = YES;
				ENABLE_TESTABILITY = YES;
				GCC_C_LANGUAGE_STANDARD = gnu11;
				GCC_DYNAMIC_NO_PIC = NO;
				GCC_NO_COMMON_BLOCKS = YES;
				GCC_OPTIMIZATION_LEVEL = 0;
				GCC_PREPROCESSOR_DEFINITIONS = (
					"DEBUG=1",
					"$(inherited)",
				);
				GCC_WARN_64_TO_32_BIT_CONVERSION = YES;
				GCC_WARN_ABOUT_RETURN_TYPE = YES_ERROR;
				GCC_WARN_UNDECLARED_SELECTOR = YES;
				GCC_WARN_UNINITIALIZED_AUTOS = YES_AGGRESSIVE;
				GCC_WARN_UNUSED_FUNCTION = YES;
				GCC_WARN_UNUSED_VARIABLE = YES;
				MTL_ENABLE_DEBUG_INFO = INCLUDE_SOURCE;
				MTL_FAST_MATH = YES;
				ONLY_ACTIVE_ARCH = YES;
				SWIFT_ACTIVE_COMPILATION_CONDITIONS = DEBUG;
				SWIFT_OPTIMIZATION_LEVEL = "-Onone";
			};
			name = Debug;
		};
		9008863928E7B9060079AC28 /* Release */ = {
			isa = XCBuildConfiguration;
			buildSettings = {
				ALWAYS_SEARCH_USER_PATHS = NO;
				CLANG_ANALYZER_NONNULL = YES;
				CLANG_ANALYZER_NUMBER_OBJECT_CONVERSION = YES_AGGRESSIVE;
				CLANG_CXX_LANGUAGE_STANDARD = "gnu++20";
				CLANG_ENABLE_MODULES = YES;
				CLANG_ENABLE_OBJC_ARC = YES;
				CLANG_ENABLE_OBJC_WEAK = YES;
				CLANG_WARN_BLOCK_CAPTURE_AUTORELEASING = YES;
				CLANG_WARN_BOOL_CONVERSION = YES;
				CLANG_WARN_COMMA = YES;
				CLANG_WARN_CONSTANT_CONVERSION = YES;
				CLANG_WARN_DEPRECATED_OBJC_IMPLEMENTATIONS = YES;
				CLANG_WARN_DIRECT_OBJC_ISA_USAGE = YES_ERROR;
				CLANG_WARN_DOCUMENTATION_COMMENTS = YES;
				CLANG_WARN_EMPTY_BODY = YES;
				CLANG_WARN_ENUM_CONVERSION = YES;
				CLANG_WARN_INFINITE_RECURSION = YES;
				CLANG_WARN_INT_CONVERSION = YES;
				CLANG_WARN_NON_LITERAL_NULL_CONVERSION = YES;
				CLANG_WARN_OBJC_IMPLICIT_RETAIN_SELF = YES;
				CLANG_WARN_OBJC_LITERAL_CONVERSION = YES;
				CLANG_WARN_OBJC_ROOT_CLASS = YES_ERROR;
				CLANG_WARN_QUOTED_INCLUDE_IN_FRAMEWORK_HEADER = YES;
				CLANG_WARN_RANGE_LOOP_ANALYSIS = YES;
				CLANG_WARN_STRICT_PROTOTYPES = YES;
				CLANG_WARN_SUSPICIOUS_MOVE = YES;
				CLANG_WARN_UNGUARDED_AVAILABILITY = YES_AGGRESSIVE;
				CLANG_WARN_UNREACHABLE_CODE = YES;
				CLANG_WARN__DUPLICATE_METHOD_MATCH = YES;
				COPY_PHASE_STRIP = NO;
				DEBUG_INFORMATION_FORMAT = "dwarf-with-dsym";
				ENABLE_NS_ASSERTIONS = NO;
				ENABLE_STRICT_OBJC_MSGSEND = YES;
				GCC_C_LANGUAGE_STANDARD = gnu11;
				GCC_NO_COMMON_BLOCKS = YES;
				GCC_WARN_64_TO_32_BIT_CONVERSION = YES;
				GCC_WARN_ABOUT_RETURN_TYPE = YES_ERROR;
				GCC_WARN_UNDECLARED_SELECTOR = YES;
				GCC_WARN_UNINITIALIZED_AUTOS = YES_AGGRESSIVE;
				GCC_WARN_UNUSED_FUNCTION = YES;
				GCC_WARN_UNUSED_VARIABLE = YES;
				MTL_ENABLE_DEBUG_INFO = NO;
				MTL_FAST_MATH = YES;
				SWIFT_COMPILATION_MODE = wholemodule;
				SWIFT_OPTIMIZATION_LEVEL = "-O";
			};
			name = Release;
		};
		9008863B28E7B9060079AC28 /* Debug */ = {
			isa = XCBuildConfiguration;
			buildSettings = {
				ASSETCATALOG_COMPILER_APPICON_NAME = AppIcon;
				ASSETCATALOG_COMPILER_GLOBAL_ACCENT_COLOR_NAME = AccentColor;
				CODE_SIGN_ENTITLEMENTS = Fructus/Fructus.entitlements;
				CODE_SIGN_STYLE = Automatic;
				CURRENT_PROJECT_VERSION = 1;
				DEVELOPMENT_ASSET_PATHS = "\"Fructus/Preview Content\"";
				DEVELOPMENT_TEAM = 6U8HRYAE4R;
				ENABLE_HARDENED_RUNTIME = YES;
				ENABLE_PREVIEWS = YES;
				GENERATE_INFOPLIST_FILE = YES;
				"INFOPLIST_KEY_UIApplicationSceneManifest_Generation[sdk=iphoneos*]" = YES;
				"INFOPLIST_KEY_UIApplicationSceneManifest_Generation[sdk=iphonesimulator*]" = YES;
				"INFOPLIST_KEY_UIApplicationSupportsIndirectInputEvents[sdk=iphoneos*]" = YES;
				"INFOPLIST_KEY_UIApplicationSupportsIndirectInputEvents[sdk=iphonesimulator*]" = YES;
				"INFOPLIST_KEY_UILaunchScreen_Generation[sdk=iphoneos*]" = YES;
				"INFOPLIST_KEY_UILaunchScreen_Generation[sdk=iphonesimulator*]" = YES;
				"INFOPLIST_KEY_UIStatusBarStyle[sdk=iphoneos*]" = UIStatusBarStyleDefault;
				"INFOPLIST_KEY_UIStatusBarStyle[sdk=iphonesimulator*]" = UIStatusBarStyleDefault;
				INFOPLIST_KEY_UISupportedInterfaceOrientations = UIInterfaceOrientationPortrait;
				IPHONEOS_DEPLOYMENT_TARGET = 16.0;
				LD_RUNPATH_SEARCH_PATHS = "@executable_path/Frameworks";
				"LD_RUNPATH_SEARCH_PATHS[sdk=macosx*]" = "@executable_path/../Frameworks";
				MACOSX_DEPLOYMENT_TARGET = 12.3;
				MARKETING_VERSION = 1.0;
				PRODUCT_BUNDLE_IDENTIFIER = com.fructus.Fructus;
				PRODUCT_NAME = "$(TARGET_NAME)";
				SDKROOT = auto;
				SUPPORTED_PLATFORMS = "iphoneos iphonesimulator macosx";
				SWIFT_EMIT_LOC_STRINGS = YES;
				SWIFT_VERSION = 5.0;
				TARGETED_DEVICE_FAMILY = "1,2";
			};
			name = Debug;
		};
		9008863C28E7B9060079AC28 /* Release */ = {
			isa = XCBuildConfiguration;
			buildSettings = {
				ASSETCATALOG_COMPILER_APPICON_NAME = AppIcon;
				ASSETCATALOG_COMPILER_GLOBAL_ACCENT_COLOR_NAME = AccentColor;
				CODE_SIGN_ENTITLEMENTS = Fructus/Fructus.entitlements;
				CODE_SIGN_STYLE = Automatic;
				CURRENT_PROJECT_VERSION = 1;
				DEVELOPMENT_ASSET_PATHS = "\"Fructus/Preview Content\"";
				DEVELOPMENT_TEAM = 6U8HRYAE4R;
				ENABLE_HARDENED_RUNTIME = YES;
				ENABLE_PREVIEWS = YES;
				GENERATE_INFOPLIST_FILE = YES;
				"INFOPLIST_KEY_UIApplicationSceneManifest_Generation[sdk=iphoneos*]" = YES;
				"INFOPLIST_KEY_UIApplicationSceneManifest_Generation[sdk=iphonesimulator*]" = YES;
				"INFOPLIST_KEY_UIApplicationSupportsIndirectInputEvents[sdk=iphoneos*]" = YES;
				"INFOPLIST_KEY_UIApplicationSupportsIndirectInputEvents[sdk=iphonesimulator*]" = YES;
				"INFOPLIST_KEY_UILaunchScreen_Generation[sdk=iphoneos*]" = YES;
				"INFOPLIST_KEY_UILaunchScreen_Generation[sdk=iphonesimulator*]" = YES;
				"INFOPLIST_KEY_UIStatusBarStyle[sdk=iphoneos*]" = UIStatusBarStyleDefault;
				"INFOPLIST_KEY_UIStatusBarStyle[sdk=iphonesimulator*]" = UIStatusBarStyleDefault;
				INFOPLIST_KEY_UISupportedInterfaceOrientations = UIInterfaceOrientationPortrait;
				IPHONEOS_DEPLOYMENT_TARGET = 16.0;
				LD_RUNPATH_SEARCH_PATHS = "@executable_path/Frameworks";
				"LD_RUNPATH_SEARCH_PATHS[sdk=macosx*]" = "@executable_path/../Frameworks";
				MACOSX_DEPLOYMENT_TARGET = 12.3;
				MARKETING_VERSION = 1.0;
				PRODUCT_BUNDLE_IDENTIFIER = com.fructus.Fructus;
				PRODUCT_NAME = "$(TARGET_NAME)";
				SDKROOT = auto;
				SUPPORTED_PLATFORMS = "iphoneos iphonesimulator macosx";
				SWIFT_EMIT_LOC_STRINGS = YES;
				SWIFT_VERSION = 5.0;
				TARGETED_DEVICE_FAMILY = "1,2";
			};
			name = Release;
		};
		9008863E28E7B9060079AC28 /* Debug */ = {
			isa = XCBuildConfiguration;
			buildSettings = {
				ALWAYS_EMBED_SWIFT_STANDARD_LIBRARIES = YES;
				BUNDLE_LOADER = "$(TEST_HOST)";
				CODE_SIGN_STYLE = Automatic;
				CURRENT_PROJECT_VERSION = 1;
				DEVELOPMENT_TEAM = 6U8HRYAE4R;
				GENERATE_INFOPLIST_FILE = YES;
				IPHONEOS_DEPLOYMENT_TARGET = 16.0;
				MACOSX_DEPLOYMENT_TARGET = 12.3;
				MARKETING_VERSION = 1.0;
				PRODUCT_BUNDLE_IDENTIFIER = com.fructus.FructusTests;
				PRODUCT_NAME = "$(TARGET_NAME)";
				SDKROOT = auto;
				SUPPORTED_PLATFORMS = "iphoneos iphonesimulator macosx";
				SWIFT_EMIT_LOC_STRINGS = NO;
				SWIFT_VERSION = 5.0;
				TARGETED_DEVICE_FAMILY = "1,2";
				TEST_HOST = "$(BUILT_PRODUCTS_DIR)/Fructus.app/$(BUNDLE_EXECUTABLE_FOLDER_PATH)/Fructus";
			};
			name = Debug;
		};
		9008863F28E7B9060079AC28 /* Release */ = {
			isa = XCBuildConfiguration;
			buildSettings = {
				ALWAYS_EMBED_SWIFT_STANDARD_LIBRARIES = YES;
				BUNDLE_LOADER = "$(TEST_HOST)";
				CODE_SIGN_STYLE = Automatic;
				CURRENT_PROJECT_VERSION = 1;
				DEVELOPMENT_TEAM = 6U8HRYAE4R;
				GENERATE_INFOPLIST_FILE = YES;
				IPHONEOS_DEPLOYMENT_TARGET = 16.0;
				MACOSX_DEPLOYMENT_TARGET = 12.3;
				MARKETING_VERSION = 1.0;
				PRODUCT_BUNDLE_IDENTIFIER = com.fructus.FructusTests;
				PRODUCT_NAME = "$(TARGET_NAME)";
				SDKROOT = auto;
				SUPPORTED_PLATFORMS = "iphoneos iphonesimulator macosx";
				SWIFT_EMIT_LOC_STRINGS = NO;
				SWIFT_VERSION = 5.0;
				TARGETED_DEVICE_FAMILY = "1,2";
				TEST_HOST = "$(BUILT_PRODUCTS_DIR)/Fructus.app/$(BUNDLE_EXECUTABLE_FOLDER_PATH)/Fructus";
			};
			name = Release;
		};
		9008864128E7B9060079AC28 /* Debug */ = {
			isa = XCBuildConfiguration;
			buildSettings = {
				ALWAYS_EMBED_SWIFT_STANDARD_LIBRARIES = YES;
				CODE_SIGN_STYLE = Automatic;
				CURRENT_PROJECT_VERSION = 1;
				DEVELOPMENT_TEAM = 6U8HRYAE4R;
				GENERATE_INFOPLIST_FILE = YES;
				IPHONEOS_DEPLOYMENT_TARGET = 16.0;
				MACOSX_DEPLOYMENT_TARGET = 12.3;
				MARKETING_VERSION = 1.0;
				PRODUCT_BUNDLE_IDENTIFIER = com.fructus.FructusUITests;
				PRODUCT_NAME = "$(TARGET_NAME)";
				SDKROOT = auto;
				SUPPORTED_PLATFORMS = "iphoneos iphonesimulator macosx";
				SWIFT_EMIT_LOC_STRINGS = NO;
				SWIFT_VERSION = 5.0;
				TARGETED_DEVICE_FAMILY = "1,2";
				TEST_TARGET_NAME = Fructus;
			};
			name = Debug;
		};
		9008864228E7B9060079AC28 /* Release */ = {
			isa = XCBuildConfiguration;
			buildSettings = {
				ALWAYS_EMBED_SWIFT_STANDARD_LIBRARIES = YES;
				CODE_SIGN_STYLE = Automatic;
				CURRENT_PROJECT_VERSION = 1;
				DEVELOPMENT_TEAM = 6U8HRYAE4R;
				GENERATE_INFOPLIST_FILE = YES;
				IPHONEOS_DEPLOYMENT_TARGET = 16.0;
				MACOSX_DEPLOYMENT_TARGET = 12.3;
				MARKETING_VERSION = 1.0;
				PRODUCT_BUNDLE_IDENTIFIER = com.fructus.FructusUITests;
				PRODUCT_NAME = "$(TARGET_NAME)";
				SDKROOT = auto;
				SUPPORTED_PLATFORMS = "iphoneos iphonesimulator macosx";
				SWIFT_EMIT_LOC_STRINGS = NO;
				SWIFT_VERSION = 5.0;
				TARGETED_DEVICE_FAMILY = "1,2";
				TEST_TARGET_NAME = Fructus;
			};
			name = Release;
		};
/* End XCBuildConfiguration section */

/* Begin XCConfigurationList section */
		9008861028E7B9050079AC28 /* Build configuration list for PBXProject "Fructus" */ = {
			isa = XCConfigurationList;
			buildConfigurations = (
				9008863828E7B9060079AC28 /* Debug */,
				9008863928E7B9060079AC28 /* Release */,
			);
			defaultConfigurationIsVisible = 0;
			defaultConfigurationName = Release;
		};
		9008863A28E7B9060079AC28 /* Build configuration list for PBXNativeTarget "Fructus" */ = {
			isa = XCConfigurationList;
			buildConfigurations = (
				9008863B28E7B9060079AC28 /* Debug */,
				9008863C28E7B9060079AC28 /* Release */,
			);
			defaultConfigurationIsVisible = 0;
			defaultConfigurationName = Release;
		};
		9008863D28E7B9060079AC28 /* Build configuration list for PBXNativeTarget "FructusTests" */ = {
			isa = XCConfigurationList;
			buildConfigurations = (
				9008863E28E7B9060079AC28 /* Debug */,
				9008863F28E7B9060079AC28 /* Release */,
			);
			defaultConfigurationIsVisible = 0;
			defaultConfigurationName = Release;
		};
		9008864028E7B9060079AC28 /* Build configuration list for PBXNativeTarget "FructusUITests" */ = {
			isa = XCConfigurationList;
			buildConfigurations = (
				9008864128E7B9060079AC28 /* Debug */,
				9008864228E7B9060079AC28 /* Release */,
			);
			defaultConfigurationIsVisible = 0;
			defaultConfigurationName = Release;
		};
/* End XCConfigurationList section */
	};
	rootObject = 9008860D28E7B9050079AC28 /* Project object */;
}
